
Microsoft Visual Studio Solution File, Format Version 12.00
# Visual Studio 15
VisualStudioVersion = 15.0.27703.2035
MinimumVisualStudioVersion = 10.0.40219.1
Project("{FAE04EC0-301F-11D3-BF4B-00C04F79EFBC}") = "BlueScreenOnExit", "BlueScreenOnExit\BlueScreenOnExit.csproj", "{127FCB81-7BA6-4217-BFD1-EAC4F9F4E7A2}"
EndProject
Project("{D954291E-2A0B-460D-934E-DC6B0785DB48}") = "ProcessProtection", "ProcessProtection\ProcessProtection.shproj", "{69BCBB06-1126-42AC-BC42-90B2C539A2EB}"
EndProject
Global
	GlobalSection(SharedMSBuildProjectFiles) = preSolution
		ProcessProtection\ProcessProtection.projitems*{127fcb81-7ba6-4217-bfd1-eac4f9f4e7a2}*SharedItemsImports = 4
		ProcessProtection\ProcessProtection.projitems*{69bcbb06-1126-42ac-bc42-90b2c539a2eb}*SharedItemsImports = 13
	EndGlobalSection
	GlobalSection(SolutionConfigurationPlatforms) = preSolution
		Debug|Any CPU = Debug|Any CPU
		Release|Any CPU = Release|Any CPU
	EndGlobalSection
	GlobalSection(ProjectConfigurationPlatforms) = postSolution
		{127FCB81-7BA6-4217-BFD1-EAC4F9F4E7A2}.Debug|Any CPU.ActiveCfg = Debug|Any CPU
		{127FCB81-7BA6-4217-BFD1-EAC4F9F4E7A2}.Debug|Any CPU.Build.0 = Debug|Any CPU
		{127FCB81-7BA6-4217-BFD1-EAC4F9F4E7A2}.Release|Any CPU.ActiveCfg = Release|Any CPU
		{127FCB81-7BA6-4217-BFD1-EAC4F9F4E7A2}.Release|Any CPU.Build.0 = Release|Any CPU
	EndGlobalSection
	GlobalSection(SolutionProperties) = preSolution
		HideSolutionNode = FALSE
	EndGlobalSection
	GlobalSection(ExtensibilityGlobals) = postSolution
		SolutionGuid = {CFC2C72E-CC7B-4B50-9069-FC0CB60E1A3E}
	EndGlobalSection
EndGlobal
